
Microsoft Visual Studio Solution File, Format Version 12.00
# Visual Studio 15
VisualStudioVersion = 15.0.28307.1972
MinimumVisualStudioVersion = 10.0.40219.1
Project("{FAE04EC0-301F-11D3-BF4B-00C04F79EFBC}") = "Ecommerce", "Ecommerce\Ecommerce.csproj", "{03634981-1A91-4E70-B2D4-9E193313FCFD}"
EndProject
Global
	GlobalSection(SolutionConfigurationPlatforms) = preSolution
		Debug|Any CPU = Debug|Any CPU
		Release|Any CPU = Release|Any CPU
	EndGlobalSection
	GlobalSection(ProjectConfigurationPlatforms) = postSolution
		{03634981-1A91-4E70-B2D4-9E193313FCFD}.Debug|Any CPU.ActiveCfg = Debug|Any CPU
		{03634981-1A91-4E70-B2D4-9E193313FCFD}.Debug|Any CPU.Build.0 = Debug|Any CPU
		{03634981-1A91-4E70-B2D4-9E193313FCFD}.Release|Any CPU.ActiveCfg = Release|Any CPU
		{03634981-1A91-4E70-B2D4-9E193313FCFD}.Release|Any CPU.Build.0 = Release|Any CPU
	EndGlobalSection
	GlobalSection(SolutionProperties) = preSolution
		HideSolutionNode = FALSE
	EndGlobalSection
	GlobalSection(ExtensibilityGlobals) = postSolution
		SolutionGuid = {2F7B3C8E-0157-4EF6-AD49-59D084FF345F}
	EndGlobalSection
EndGlobal
